
Microsoft Visual Studio Solution File, Format Version 12.00
# Visual Studio Version 17
VisualStudioVersion = 17.5.33530.505
MinimumVisualStudioVersion = 10.0.40219.1
Project("{8BC9CEB8-8B4A-11D0-8D11-00A0C91BC942}") = "MT3_00", "MT3_00.vcxproj", "{B760CE4A-92B1-419A-80FF-6B1EC2AD4EA2}"
EndProject
Global
	GlobalSection(SolutionConfigurationPlatforms) = preSolution
		Debug|x64 = Debug|x64
		Release|x64 = Release|x64
	EndGlobalSection
	GlobalSection(ProjectConfigurationPlatforms) = postSolution
		{B760CE4A-92B1-419A-80FF-6B1EC2AD4EA2}.Debug|x64.ActiveCfg = Debug|x64
		{B760CE4A-92B1-419A-80FF-6B1EC2AD4EA2}.Debug|x64.Build.0 = Debug|x64
		{B760CE4A-92B1-419A-80FF-6B1EC2AD4EA2}.Release|x64.ActiveCfg = Release|x64
		{B760CE4A-92B1-419A-80FF-6B1EC2AD4EA2}.Release|x64.Build.0 = Release|x64
	EndGlobalSection
	GlobalSection(SolutionProperties) = preSolution
		HideSolutionNode = FALSE
	EndGlobalSection
	GlobalSection(ExtensibilityGlobals) = postSolution
		SolutionGuid = {787CFB46-95EE-491D-8DF8-F4476FF25128}
	EndGlobalSection
EndGlobal
